# THIS IS AN AUTOGENERATED FILE. DO NOT EDIT THIS FILE DIRECTLY.
# yarn lockfile v1


"@ethersproject/address@^5.0.9":
  version "5.0.9"
  resolved "https://registry.yarnpkg.com/@ethersproject/address/-/address-5.0.9.tgz#347ef30dc8243c682574a3f23ff63f73c8f8cbf1"
  integrity sha512-gKkmbZDMyGbVjr8nA5P0md1GgESqSGH7ILIrDidPdNXBl4adqbuA3OAuZx/O2oGpL6PtJ9BDa0kHheZ1ToHU3w==
  dependencies:
    "@ethersproject/bignumber" "^5.0.13"
    "@ethersproject/bytes" "^5.0.9"
    "@ethersproject/keccak256" "^5.0.7"
    "@ethersproject/logger" "^5.0.8"
    "@ethersproject/rlp" "^5.0.7"

"@ethersproject/bignumber@^5.0.13":
  version "5.0.13"
  resolved "https://registry.yarnpkg.com/@ethersproject/bignumber/-/bignumber-5.0.13.tgz#a5466412b3b80104097b9c694f6ae827df4353fe"
  integrity sha512-b89bX5li6aK492yuPP5mPgRVgIxxBP7ksaBtKX5QQBsrZTpNOjf/MR4CjcUrAw8g+RQuD6kap9lPjFgY4U1/5A==
  dependencies:
    "@ethersproject/bytes" "^5.0.9"
    "@ethersproject/logger" "^5.0.8"
    bn.js "^4.4.0"

"@ethersproject/bytes@^5.0.9":
  version "5.0.9"
  resolved "https://registry.yarnpkg.com/@ethersproject/bytes/-/bytes-5.0.9.tgz#2748247402ad20df69f3a3e935dc7b58c0d75c08"
  integrity sha512-k+17ZViDtAugC0s7HM6rdsTWEdIYII4RPCDkPEuxKc6i40Bs+m6tjRAtCECX06wKZnrEoR9pjOJRXHJ/VLoOcA==
  dependencies:
    "@ethersproject/logger" "^5.0.8"

"@ethersproject/keccak256@^5.0.7":
  version "5.0.7"
  resolved "https://registry.yarnpkg.com/@ethersproject/keccak256/-/keccak256-5.0.7.tgz#2eedb5e4c160fcdf0079660f8ae362d7855ea943"
  integrity sha512-zpUBmofWvx9PGfc7IICobgFQSgNmTOGTGLUxSYqZzY/T+b4y/2o5eqf/GGmD7qnTGzKQ42YlLNo+LeDP2qe55g==
  dependencies:
    "@ethersproject/bytes" "^5.0.9"
    js-sha3 "0.5.7"

"@ethersproject/logger@^5.0.8":
  version "5.0.8"
  resolved "https://registry.yarnpkg.com/@ethersproject/logger/-/logger-5.0.8.tgz#135c1903d35c878265f3cbf2b287042c4c20d5d4"
  integrity sha512-SkJCTaVTnaZ3/ieLF5pVftxGEFX56pTH+f2Slrpv7cU0TNpUZNib84QQdukd++sWUp/S7j5t5NW+WegbXd4U/A==

"@ethersproject/rlp@^5.0.7":
  version "5.0.7"
  resolved "https://registry.yarnpkg.com/@ethersproject/rlp/-/rlp-5.0.7.tgz#cfa4fa6415960a435b7814e1a29bdfea657e2b6e"
  integrity sha512-ulUTVEuV7PT4jJTPpfhRHK57tkLEDEY9XSYJtrSNHOqdwMvH0z7BM2AKIMq4LVDlnu4YZASdKrkFGEIO712V9w==
  dependencies:
    "@ethersproject/bytes" "^5.0.9"
    "@ethersproject/logger" "^5.0.8"

"@multiformats/base-x@^4.0.1":
  version "4.0.1"
  resolved "https://registry.yarnpkg.com/@multiformats/base-x/-/base-x-4.0.1.tgz#95ff0fa58711789d53aefb2590a8b7a4e715d121"
  integrity sha512-eMk0b9ReBbV23xXU693TAIrLyeO5iTgBZGSJfpqriG8UkYvr/hC9u9pyMlAakDNHWmbhMZCDs6KQO0jzKD8OTw==

"@pinata/sdk@^1.1.11":
  version "1.1.11"
  resolved "https://registry.yarnpkg.com/@pinata/sdk/-/sdk-1.1.11.tgz#b89382de1ab13bc4d16389f1f5c3d45e7585981d"
  integrity sha512-KTY/F3lb69pYg6uU024cdUZ92Mzm27XUnW6TT3aEJp0r8TRtvyX/D03npA+D0H2PK66Rg7VDMq0byQ3YcTL/JQ==
  dependencies:
    axios "^0.18.1"
    base-path-converter "^1.0.2"
    form-data "^2.3.3"
    is-ipfs "^0.6.0"
    recursive-fs "^1.1.2"

abort-controller@^3.0.0:
  version "3.0.0"
  resolved "https://registry.yarnpkg.com/abort-controller/-/abort-controller-3.0.0.tgz#eaf54d53b62bae4138e809ca225c8439a6efb392"
  integrity sha512-h8lQ8tacZYnR3vNQTgibj+tODHI5/+l06Au2Pcriv/Gmet0eaj4TwWH41sO9wnHDiQsEj19q0drzdWdeAHtweg==
  dependencies:
    event-target-shim "^5.0.0"

agent-base@^4.3.0:
  version "4.3.0"
  resolved "https://registry.yarnpkg.com/agent-base/-/agent-base-4.3.0.tgz#8165f01c436009bccad0b1d122f05ed770efc6ee"
  integrity sha512-salcGninV0nPrwpGNn4VTXBb1SOuXQBiqbrNXoeizJsHrsL6ERFM2Ne3JUSBWRE6aeNJI2ROP/WEEIDUiDe3cg==
  dependencies:
    es6-promisify "^5.0.0"

ajv@^7.0.3:
  version "7.0.3"
  resolved "https://registry.yarnpkg.com/ajv/-/ajv-7.0.3.tgz#13ae747eff125cafb230ac504b2406cf371eece2"
  integrity sha512-R50QRlXSxqXcQP5SvKUrw8VZeypvo12i2IX0EeR5PiZ7bEKeHWgzgo264LDadUsCU42lTJVhFikTqJwNeH34gQ==
  dependencies:
    fast-deep-equal "^3.1.1"
    json-schema-traverse "^1.0.0"
    require-from-string "^2.0.2"
    uri-js "^4.2.2"

asynckit@^0.4.0:
  version "0.4.0"
  resolved "https://registry.yarnpkg.com/asynckit/-/asynckit-0.4.0.tgz#c79ed97f7f34cb8f2ba1bc9790bcc366474b4b79"
  integrity sha1-x57Zf380y48robyXkLzDZkdLS3k=

autocreate@^1.1.0:
  version "1.2.0"
  resolved "https://registry.yarnpkg.com/autocreate/-/autocreate-1.2.0.tgz#522167992c4172c15479e5f88f3486a452a40cba"
  integrity sha1-UiFnmSxBcsFUeeX4jzSGpFKkDLo=

axios@^0.18.1:
  version "0.18.1"
  resolved "https://registry.yarnpkg.com/axios/-/axios-0.18.1.tgz#ff3f0de2e7b5d180e757ad98000f1081b87bcea3"
  integrity sha512-0BfJq4NSfQXd+SkFdrvFbG7addhYSBA2mQwISr46pD6E5iqkWg02RAs8vyTT/j0RTnoYmeXauBuSv1qKwR179g==
  dependencies:
    follow-redirects "1.5.10"
    is-buffer "^2.0.2"

base-path-converter@^1.0.2:
  version "1.0.2"
  resolved "https://registry.yarnpkg.com/base-path-converter/-/base-path-converter-1.0.2.tgz#e80b4b4f31c7b1561e632158e00774b6f2f27978"
  integrity sha512-51R8JiuXadknn6ouVUteOhDpmI3G5u5GqjruL7bPJpfxUHVgosaO5uPAvRP4FeR4VyyH4sSvsN78Ci6ouoRYqQ==

base-x@^3.0.2, base-x@^3.0.8:
  version "3.0.8"
  resolved "https://registry.yarnpkg.com/base-x/-/base-x-3.0.8.tgz#1e1106c2537f0162e8b52474a557ebb09000018d"
  integrity sha512-Rl/1AWP4J/zRrk54hhlxH4drNxPJXYUaKffODVI53/dAsV4t9fBxyxYKAVPU1XBHxYwOWP9h9H0hM2MVw4YfJA==
  dependencies:
    safe-buffer "^5.0.1"

base64-js@^1.3.1:
  version "1.5.1"
  resolved "https://registry.yarnpkg.com/base64-js/-/base64-js-1.5.1.tgz#1b1b440160a5bf7ad40b650f095963481903930a"
  integrity sha512-AKpaYlHn8t4SVbOHCy+b5+KKgvR4vrsD8vbvrbiQJps7fKDTkjkDry6ji0rUJjC0kzbNePLwzxq8iypo41qeWA==

bn.js@^4.4.0:
  version "4.11.9"
  resolved "https://registry.yarnpkg.com/bn.js/-/bn.js-4.11.9.tgz#26d556829458f9d1e81fc48952493d0ba3507828"
  integrity sha512-E6QoYqCKZfgatHTdHzs1RRKP7ip4vvm+EyRUeE2RF0NblwVvb0p6jSVeNTOFxPn26QXN2o6SMfNxKp6kU8zQaw==

bs58@^4.0.1:
  version "4.0.1"
  resolved "https://registry.yarnpkg.com/bs58/-/bs58-4.0.1.tgz#be161e76c354f6f788ae4071f63f34e8c4f0a42a"
  integrity sha1-vhYedsNU9veIrkBx9j806MTwpCo=
  dependencies:
    base-x "^3.0.2"

buffer@^5.5.0, buffer@^5.6.0:
  version "5.7.1"
  resolved "https://registry.yarnpkg.com/buffer/-/buffer-5.7.1.tgz#ba62e7c13133053582197160851a8f648e99eed0"
  integrity sha512-EHcyIPBQ4BSGlvjB16k5KgAJ27CIsHY/2JBmCRReo48y9rQ3MaUzWX3KVlBa4U7MyX02HdVj0K7C3WaB3ju7FQ==
  dependencies:
    base64-js "^1.3.1"
    ieee754 "^1.1.13"

capture-stack-trace@^1.0.0:
  version "1.0.1"
  resolved "https://registry.yarnpkg.com/capture-stack-trace/-/capture-stack-trace-1.0.1.tgz#a6c0bbe1f38f3aa0b92238ecb6ff42c344d4135d"
  integrity sha512-mYQLZnx5Qt1JgB1WEiMCf2647plpGeQ2NMR/5L0HNZzGQo4fuSPnK+wjfPnKZV0aiJDgzmWqqkV/g7JD+DW0qw==

cids@^1.1.5:
  version "1.1.5"
  resolved "https://registry.yarnpkg.com/cids/-/cids-1.1.5.tgz#778bf8b70de3a0bf70989fd7d89c28fe23c685cb"
  integrity sha512-i0V7tF2Jf78BKXyy2rpy1H/ozaJEP8b3Z7ZcHe9J86RRvJZ4e7daaJP3xwL09e14/Bl/mYX5WVc36fbQtjH7Sg==
  dependencies:
    multibase "^3.0.1"
    multicodec "^2.1.0"
    multihashes "^3.1.0"
    uint8arrays "^2.0.5"

cids@~0.7.0:
  version "0.7.5"
  resolved "https://registry.yarnpkg.com/cids/-/cids-0.7.5.tgz#60a08138a99bfb69b6be4ceb63bfef7a396b28b2"
  integrity sha512-zT7mPeghoWAu+ppn8+BS1tQ5qGmbMfB4AregnQjA/qHY3GC1m1ptI9GkWNlgeu38r7CuRdXB47uY2XgAYt6QVA==
  dependencies:
    buffer "^5.5.0"
    class-is "^1.1.0"
    multibase "~0.6.0"
    multicodec "^1.0.0"
    multihashes "~0.4.15"

cids@~0.8.0:
  version "0.8.3"
  resolved "https://registry.yarnpkg.com/cids/-/cids-0.8.3.tgz#aaf48ac8ed857c3d37dad94d8db1d8c9407b92db"
  integrity sha512-yoXTbV3llpm+EBGWKeL9xKtksPE/s6DPoDSY4fn8I8TEW1zehWXPSB0pwAXVDlLaOlrw+sNynj995uD9abmPhA==
  dependencies:
    buffer "^5.6.0"
    class-is "^1.1.0"
    multibase "^1.0.0"
    multicodec "^1.0.1"
    multihashes "^1.0.1"

class-is@^1.1.0:
  version "1.1.0"
  resolved "https://registry.yarnpkg.com/class-is/-/class-is-1.1.0.tgz#9d3c0fba0440d211d843cec3dedfa48055005825"
  integrity sha512-rhjH9AG1fvabIDoGRVH587413LPjTZgmDF9fOFCbFJQV4yuocX1mHxxvXI4g3cGwbVY9wAYIoKlg1N79frJKQw==

cloudflare@^2.7.0:
  version "2.7.0"
  resolved "https://registry.yarnpkg.com/cloudflare/-/cloudflare-2.7.0.tgz#ff9249a63ff9b662bd863da21e965c8f82f76012"
  integrity sha512-yhroBpn2VBczFwiRLpyUc431XiWE+xNs8YvtjAsj1vEA1pVwhpje6BzgLW5iZbulmCuPX48lvX8HizeMWk713g==
  dependencies:
    autocreate "^1.1.0"
    es-class "^2.1.1"
    got "^6.3.0"
    https-proxy-agent "^2.1.1"
    object-assign "^4.1.0"
    should-proxy "^1.0.4"
    url-pattern "^1.0.3"

combined-stream@^1.0.6:
  version "1.0.8"
  resolved "https://registry.yarnpkg.com/combined-stream/-/combined-stream-1.0.8.tgz#c3d45a8b34fd730631a110a8a2520682b31d5a7f"
  integrity sha512-FQN4MRfuJeHf7cBbBMJFXhKSDq+2kAArBlmRBvcvFE5BB1HZKXtSFASDhdlz9zOYwxh8lDdnvmMOe/+5cdoEdg==
  dependencies:
    delayed-stream "~1.0.0"

create-error-class@^3.0.0:
  version "3.0.2"
  resolved "https://registry.yarnpkg.com/create-error-class/-/create-error-class-3.0.2.tgz#06be7abef947a3f14a30fd610671d401bca8b7b6"
  integrity sha1-Br56vvlHo/FKMP1hBnHUAbyot7Y=
  dependencies:
    capture-stack-trace "^1.0.0"

debug@=3.1.0:
  version "3.1.0"
  resolved "https://registry.yarnpkg.com/debug/-/debug-3.1.0.tgz#5bb5a0672628b64149566ba16819e61518c67261"
  integrity sha512-OX8XqP7/1a9cqkxYw2yXss15f26NKWBpDXQd0/uK/KPqdQhxbPa994hnzjcE2VqQpDslf55723cKPUOGSmMY3g==
  dependencies:
    ms "2.0.0"

debug@^3.1.0:
  version "3.2.7"
  resolved "https://registry.yarnpkg.com/debug/-/debug-3.2.7.tgz#72580b7e9145fb39b6676f9c5e5fb100b934179a"
  integrity sha512-CFjzYYAi4ThfiQvizrFQevTTXHtnCqWfe7x1AhgEscTz6ZbLbfoLRLPugTQyBth6f8ZERVUSyWHFD/7Wu4t1XQ==
  dependencies:
    ms "^2.1.1"

delayed-stream@~1.0.0:
  version "1.0.0"
  resolved "https://registry.yarnpkg.com/delayed-stream/-/delayed-stream-1.0.0.tgz#df3ae199acadfb7d440aaae0b29e2272b24ec619"
  integrity sha1-3zrhmayt+31ECqrgsp4icrJOxhk=

duplexer3@^0.1.4:
  version "0.1.4"
  resolved "https://registry.yarnpkg.com/duplexer3/-/duplexer3-0.1.4.tgz#ee01dd1cac0ed3cbc7fdbea37dc0a8f1ce002ce2"
  integrity sha1-7gHdHKwO08vH/b6jfcCo8c4ALOI=

es-class@^2.1.1:
  version "2.1.1"
  resolved "https://registry.yarnpkg.com/es-class/-/es-class-2.1.1.tgz#6ec2243b5a1e3581c0b7eecee0130c9c0d6fb2b7"
  integrity sha1-bsIkO1oeNYHAt+7O4BMMnA1vsrc=

es6-promise@^4.0.3:
  version "4.2.8"
  resolved "https://registry.yarnpkg.com/es6-promise/-/es6-promise-4.2.8.tgz#4eb21594c972bc40553d276e510539143db53e0a"
  integrity sha512-HJDGx5daxeIvxdBxvG2cb9g4tEvwIk3i8+nhX0yGrYmZUzbkdg8QbDevheDB8gd0//uPj4c1EQua8Q+MViT0/w==

es6-promisify@^5.0.0:
  version "5.0.0"
  resolved "https://registry.yarnpkg.com/es6-promisify/-/es6-promisify-5.0.0.tgz#5109d62f3e56ea967c4b63505aef08291c8a5203"
  integrity sha1-UQnWLz5W6pZ8S2NQWu8IKRyKUgM=
  dependencies:
    es6-promise "^4.0.3"

event-target-shim@^5.0.0:
  version "5.0.1"
  resolved "https://registry.yarnpkg.com/event-target-shim/-/event-target-shim-5.0.1.tgz#5d4d3ebdf9583d63a5333ce2deb7480ab2b05789"
  integrity sha512-i/2XbnSz/uxRCU6+NdVJgKWDTM427+MqYbkQzD321DuCQJUqOuJKIA0IM2+W2xtYHdKOmZ4dR6fExsd4SXL+WQ==

fast-deep-equal@^3.1.1:
  version "3.1.3"
  resolved "https://registry.yarnpkg.com/fast-deep-equal/-/fast-deep-equal-3.1.3.tgz#3a7d56b559d6cbc3eb512325244e619a65c6c525"
  integrity sha512-f3qQ9oQy9j2AhBe/H9VC91wLmKBCCU/gDOnKNAYG5hswO7BLKj09Hc5HYNz9cGI++xlpDCIgDaitVs03ATR84Q==

follow-redirects@1.5.10:
  version "1.5.10"
  resolved "https://registry.yarnpkg.com/follow-redirects/-/follow-redirects-1.5.10.tgz#7b7a9f9aea2fdff36786a94ff643ed07f4ff5e2a"
  integrity sha512-0V5l4Cizzvqt5D44aTXbFZz+FtyXV1vrDN6qrelxtfYQKW0KO0W2T/hkE8xvGa/540LkZlkaUjO4ailYTFtHVQ==
  dependencies:
    debug "=3.1.0"

form-data@^2.3.3:
  version "2.5.1"
  resolved "https://registry.yarnpkg.com/form-data/-/form-data-2.5.1.tgz#f2cbec57b5e59e23716e128fe44d4e5dd23895f4"
  integrity sha512-m21N3WOmEEURgk6B9GLOE4RuWOFf28Lhh9qGYeNlGq4VDXUlJy2th2slBNU8Gp8EzloYZOibZJ7t5ecIrFSjVA==
  dependencies:
    asynckit "^0.4.0"
    combined-stream "^1.0.6"
    mime-types "^2.1.12"

get-stream@^3.0.0:
  version "3.0.0"
  resolved "https://registry.yarnpkg.com/get-stream/-/get-stream-3.0.0.tgz#8e943d1358dc37555054ecbe2edb05aa174ede14"
  integrity sha1-jpQ9E1jcN1VQVOy+LtsFqhdO3hQ=

got@^6.3.0:
  version "6.7.1"
  resolved "https://registry.yarnpkg.com/got/-/got-6.7.1.tgz#240cd05785a9a18e561dc1b44b41c763ef1e8db0"
  integrity sha1-JAzQV4WpoY5WHcG0S0HHY+8ejbA=
  dependencies:
    create-error-class "^3.0.0"
    duplexer3 "^0.1.4"
    get-stream "^3.0.0"
    is-redirect "^1.0.0"
    is-retry-allowed "^1.0.0"
    is-stream "^1.0.0"
    lowercase-keys "^1.0.0"
    safe-buffer "^5.0.1"
    timed-out "^4.0.0"
    unzip-response "^2.0.1"
    url-parse-lax "^1.0.0"

https-proxy-agent@^2.1.1:
  version "2.2.4"
  resolved "https://registry.yarnpkg.com/https-proxy-agent/-/https-proxy-agent-2.2.4.tgz#4ee7a737abd92678a293d9b34a1af4d0d08c787b"
  integrity sha512-OmvfoQ53WLjtA9HeYP9RNrWMJzzAz1JGaSFr1nijg0PVR1JaD/xbJq1mdEIIlxGpXp9eSe/O2LgU9DJmTPd0Eg==
  dependencies:
    agent-base "^4.3.0"
    debug "^3.1.0"

ieee754@^1.1.13:
  version "1.2.1"
  resolved "https://registry.yarnpkg.com/ieee754/-/ieee754-1.2.1.tgz#8eb7a10a63fff25d15a57b001586d177d1b0d352"
  integrity sha512-dcyqhDvX1C46lXZcVqCpK+FtMRQVdIMN6/Df5js2zouUsqG7I6sFxitIC+7KYK29KdXOLHdu9zL4sFnoVQnqaA==

ip-regex@^4.0.0:
  version "4.3.0"
  resolved "https://registry.yarnpkg.com/ip-regex/-/ip-regex-4.3.0.tgz#687275ab0f57fa76978ff8f4dddc8a23d5990db5"
  integrity sha512-B9ZWJxHHOHUhUjCPrMpLD4xEq35bUTClHM1S6CBU5ixQnkZmwipwgc96vAd7AAGM9TGHvJR+Uss+/Ak6UphK+Q==

is-buffer@^2.0.2:
  version "2.0.5"
  resolved "https://registry.yarnpkg.com/is-buffer/-/is-buffer-2.0.5.tgz#ebc252e400d22ff8d77fa09888821a24a658c191"
  integrity sha512-i2R6zNFDwgEHJyQUtJEk0XFi1i0dPFn/oqjK3/vPCcDeJvW5NQ83V8QbicfF1SupOaB0h8ntgBC2YiE7dfyctQ==

is-ip@^3.1.0:
  version "3.1.0"
  resolved "https://registry.yarnpkg.com/is-ip/-/is-ip-3.1.0.tgz#2ae5ddfafaf05cb8008a62093cf29734f657c5d8"
  integrity sha512-35vd5necO7IitFPjd/YBeqwWnyDWbuLH9ZXQdMfDA8TEo7pv5X8yfrvVO3xbJbLUlERCMvf6X0hTUamQxCYJ9Q==
  dependencies:
    ip-regex "^4.0.0"

is-ipfs@^0.6.0:
  version "0.6.3"
  resolved "https://registry.yarnpkg.com/is-ipfs/-/is-ipfs-0.6.3.tgz#82a5350e0a42d01441c40b369f8791e91404c497"
  integrity sha512-HyRot1dvLcxImtDqPxAaY1miO6WsiP/z7Yxpg2qpaLWv5UdhAPtLvHJ4kMLM0w8GSl8AFsVF23PHe1LzuWrUlQ==
  dependencies:
    bs58 "^4.0.1"
    cids "~0.7.0"
    mafmt "^7.0.0"
    multiaddr "^7.2.1"
    multibase "~0.6.0"
    multihashes "~0.4.13"

is-redirect@^1.0.0:
  version "1.0.0"
  resolved "https://registry.yarnpkg.com/is-redirect/-/is-redirect-1.0.0.tgz#1d03dded53bd8db0f30c26e4f95d36fc7c87dc24"
  integrity sha1-HQPd7VO9jbDzDCbk+V02/HyH3CQ=

is-retry-allowed@^1.0.0:
  version "1.2.0"
  resolved "https://registry.yarnpkg.com/is-retry-allowed/-/is-retry-allowed-1.2.0.tgz#d778488bd0a4666a3be8a1482b9f2baafedea8b4"
  integrity sha512-RUbUeKwvm3XG2VYamhJL1xFktgjvPzL0Hq8C+6yrWIswDy3BIXGqCxhxkc30N9jqK311gVU137K8Ei55/zVJRg==

is-stream@^1.0.0:
  version "1.1.0"
  resolved "https://registry.yarnpkg.com/is-stream/-/is-stream-1.1.0.tgz#12d4a3dd4e68e0b79ceb8dbc84173ae80d91ca44"
  integrity sha1-EtSj3U5o4Lec6428hBc66A2RykQ=

js-sha3@0.5.7:
  version "0.5.7"
  resolved "https://registry.yarnpkg.com/js-sha3/-/js-sha3-0.5.7.tgz#0d4ffd8002d5333aabaf4a23eed2f6374c9f28e7"
  integrity sha1-DU/9gALVMzqrr0oj7tL2N0yfKOc=

json-schema-traverse@^1.0.0:
  version "1.0.0"
  resolved "https://registry.yarnpkg.com/json-schema-traverse/-/json-schema-traverse-1.0.0.tgz#ae7bcb3656ab77a73ba5c49bf654f38e6b6860e2"
  integrity sha512-NM8/P9n3XjXhIZn1lLhkFaACTOURQXjWhV4BA/RnOv8xvgqtqpAX9IO4mRQxSx1Rlo4tqzeqb0sOlruaOy3dug==

lowercase-keys@^1.0.0:
  version "1.0.1"
  resolved "https://registry.yarnpkg.com/lowercase-keys/-/lowercase-keys-1.0.1.tgz#6f9e30b47084d971a7c820ff15a6c5167b74c26f"
  integrity sha512-G2Lj61tXDnVFFOi8VZds+SoQjtQC3dgokKdDG2mTm1tx4m50NUHBOZSBwQQHyy0V12A0JTG4icfZQH+xPyh8VA==

mafmt@^7.0.0:
  version "7.1.0"
  resolved "https://registry.yarnpkg.com/mafmt/-/mafmt-7.1.0.tgz#4126f6d0eded070ace7dbbb6fb04977412d380b5"
  integrity sha512-vpeo9S+hepT3k2h5iFxzEHvvR0GPBx9uKaErmnRzYNcaKb03DgOArjEMlgG4a9LcuZZ89a3I8xbeto487n26eA==
  dependencies:
    multiaddr "^7.3.0"

mime-db@1.45.0:
  version "1.45.0"
  resolved "https://registry.yarnpkg.com/mime-db/-/mime-db-1.45.0.tgz#cceeda21ccd7c3a745eba2decd55d4b73e7879ea"
  integrity sha512-CkqLUxUk15hofLoLyljJSrukZi8mAtgd+yE5uO4tqRZsdsAJKv0O+rFMhVDRJgozy+yG6md5KwuXhD4ocIoP+w==

mime-types@^2.1.12:
  version "2.1.28"
  resolved "https://registry.yarnpkg.com/mime-types/-/mime-types-2.1.28.tgz#1160c4757eab2c5363888e005273ecf79d2a0ecd"
  integrity sha512-0TO2yJ5YHYr7M2zzT7gDU1tbwHxEUWBCLt0lscSNpcdAfFyJOVEpRYNS7EXVcTLNj/25QO8gulHC5JtTzSE2UQ==
  dependencies:
    mime-db "1.45.0"

ms@2.0.0:
  version "2.0.0"
  resolved "https://registry.yarnpkg.com/ms/-/ms-2.0.0.tgz#5608aeadfc00be6c2901df5f9861788de0d597c8"
  integrity sha1-VgiurfwAvmwpAd9fmGF4jeDVl8g=

ms@^2.1.1:
  version "2.1.3"
  resolved "https://registry.yarnpkg.com/ms/-/ms-2.1.3.tgz#574c8138ce1d2b5861f0b44579dbadd60c6615b2"
  integrity sha512-6FlzubTLZG3J2a/NVCAleEhjzq5oxgHyaCU9yYXvcLsvoVaHJq/s5xXI6/XXP6tz7R9xAOtHnSO/tXtF3WRTlA==

multiaddr@^7.2.1, multiaddr@^7.3.0:
  version "7.5.0"
  resolved "https://registry.yarnpkg.com/multiaddr/-/multiaddr-7.5.0.tgz#976c88e256e512263445ab03b3b68c003d5f485e"
  integrity sha512-GvhHsIGDULh06jyb6ev+VfREH9evJCFIRnh3jUt9iEZ6XDbyoisZRFEI9bMvK/AiR6y66y6P+eoBw9mBYMhMvw==
  dependencies:
    buffer "^5.5.0"
    cids "~0.8.0"
    class-is "^1.1.0"
    is-ip "^3.1.0"
    multibase "^0.7.0"
    varint "^5.0.0"

multibase@^0.7.0:
  version "0.7.0"
  resolved "https://registry.yarnpkg.com/multibase/-/multibase-0.7.0.tgz#1adfc1c50abe05eefeb5091ac0c2728d6b84581b"
  integrity sha512-TW8q03O0f6PNFTQDvh3xxH03c8CjGaaYrjkl9UQPG6rz53TQzzxJVCIWVjzcbN/Q5Y53Zd0IBQBMVktVgNx4Fg==
  dependencies:
    base-x "^3.0.8"
    buffer "^5.5.0"

multibase@^1.0.0, multibase@^1.0.1:
  version "1.0.1"
  resolved "https://registry.yarnpkg.com/multibase/-/multibase-1.0.1.tgz#4adbe1de0be8a1ab0274328b653c3f1903476724"
  integrity sha512-KcCxpBVY8fdVKu4dJMAahq4F/2Z/9xqEjIiR7PiMe7LRGeorFn2NLmicN6nLBCqQvft6MG2Lc9X5P0IdyvnxEw==
  dependencies:
    base-x "^3.0.8"
    buffer "^5.5.0"

multibase@^3.0.0, multibase@^3.0.1, multibase@^3.1.0:
  version "3.1.1"
  resolved "https://registry.yarnpkg.com/multibase/-/multibase-3.1.1.tgz#fb4c0fc169c2d89d80cbf0cbbec4e00ffed8cf3a"
  integrity sha512-kkSd8jWGznDNEC2eDwtnvSGlZeTeEt0+oHieNWUhv8rIi8JU3voIUo02HpJBNOtgmtxT2CPwkElub7Y9kz3nrw==
  dependencies:
    "@multiformats/base-x" "^4.0.1"
    web-encoding "^1.0.6"

multibase@~0.6.0:
  version "0.6.1"
  resolved "https://registry.yarnpkg.com/multibase/-/multibase-0.6.1.tgz#b76df6298536cc17b9f6a6db53ec88f85f8cc12b"
  integrity sha512-pFfAwyTjbbQgNc3G7D48JkJxWtoJoBMaR4xQUOuB8RnCgRqaYmWNFeJTTvrJ2w51bjLq2zTby6Rqj9TQ9elSUw==
  dependencies:
    base-x "^3.0.8"
    buffer "^5.5.0"

multicodec@^1.0.0, multicodec@^1.0.1:
  version "1.0.4"
  resolved "https://registry.yarnpkg.com/multicodec/-/multicodec-1.0.4.tgz#46ac064657c40380c28367c90304d8ed175a714f"
  integrity sha512-NDd7FeS3QamVtbgfvu5h7fd1IlbaC4EQ0/pgU4zqE2vdHCmBGsUa0TiM8/TdSeG6BMPC92OOCf8F1ocE/Wkrrg==
  dependencies:
    buffer "^5.6.0"
    varint "^5.0.0"

multicodec@^2.1.0:
  version "2.1.0"
  resolved "https://registry.yarnpkg.com/multicodec/-/multicodec-2.1.0.tgz#b66dff2184e91e74ac68981e0deba2591bbf1f87"
  integrity sha512-7AYpK/avswOWvnqQ9/jOkQCS7Fp4aKxw5ojvn5gyK2VQTZz3YVXeLMzoIZDBy745JSfJMXkTS0ptnHci5Mt1mA==
  dependencies:
    uint8arrays "1.1.0"
    varint "^6.0.0"

multihashes@^1.0.1:
  version "1.0.1"
  resolved "https://registry.yarnpkg.com/multihashes/-/multihashes-1.0.1.tgz#a89415d68283cf6287c6e219e304e75ce7fb73fe"
  integrity sha512-S27Tepg4i8atNiFaU5ZOm3+gl3KQlUanLs/jWcBxQHFttgq+5x1OgbQmf2d8axJ/48zYGBd/wT9d723USMFduw==
  dependencies:
    buffer "^5.6.0"
    multibase "^1.0.1"
    varint "^5.0.0"

multihashes@^3.1.0:
  version "3.1.2"
  resolved "https://registry.yarnpkg.com/multihashes/-/multihashes-3.1.2.tgz#ffa5e50497aceb7911f7b4a3b6cada9b9730edfc"
  integrity sha512-AP4IoV/YzkNrfbQKZE3OMPibrmy350OmCd6cJkwyM8oExaXIlOY4UnOOVSQtAEuq/LR01XfXKCESidzZvSwHCQ==
  dependencies:
    multibase "^3.1.0"
    uint8arrays "^2.0.5"
    varint "^6.0.0"

multihashes@~0.4.13, multihashes@~0.4.15:
  version "0.4.21"
  resolved "https://registry.yarnpkg.com/multihashes/-/multihashes-0.4.21.tgz#dc02d525579f334a7909ade8a122dabb58ccfcb5"
  integrity sha512-uVSvmeCWf36pU2nB4/1kzYZjsXD9vofZKpgudqkceYY5g2aZZXJ5r9lxuzoRLl1OAp28XljXsEJ/X/85ZsKmKw==
  dependencies:
    buffer "^5.5.0"
    multibase "^0.7.0"
    varint "^5.0.0"

object-assign@^4.1.0:
  version "4.1.1"
  resolved "https://registry.yarnpkg.com/object-assign/-/object-assign-4.1.1.tgz#2109adc7965887cfc05cbbd442cac8bfbb360863"
  integrity sha1-IQmtx5ZYh8/AXLvUQsrIv7s2CGM=

prepend-http@^1.0.1:
  version "1.0.4"
  resolved "https://registry.yarnpkg.com/prepend-http/-/prepend-http-1.0.4.tgz#d4f4562b0ce3696e41ac52d0e002e57a635dc6dc"
  integrity sha1-1PRWKwzjaW5BrFLQ4ALlemNdxtw=

punycode@^2.1.0:
  version "2.1.1"
  resolved "https://registry.yarnpkg.com/punycode/-/punycode-2.1.1.tgz#b58b010ac40c22c5657616c8d2c2c02c7bf479ec"
  integrity sha512-XRsRjdf+j5ml+y/6GKHPZbrF/8p2Yga0JPtdqTIY2Xe5ohJPD9saDJJLPvp9+NSBprVvevdXZybnj2cv8OEd0A==

recursive-fs@^1.1.2:
  version "1.1.2"
  resolved "https://registry.yarnpkg.com/recursive-fs/-/recursive-fs-1.1.2.tgz#1d752e2f1a65d25fb6964109a9dbf83a335f90f0"
  integrity sha512-QPFEt5EwzwlHoqYsZc+NkUSyDTQf1Hvq7c/kpQJHi77OSCAiDXI3wfB0J04ZG+ekGHmv37mdR8MDPEshD3/RlQ==

require-from-string@^2.0.2:
  version "2.0.2"
  resolved "https://registry.yarnpkg.com/require-from-string/-/require-from-string-2.0.2.tgz#89a7fdd938261267318eafe14f9c32e598c36909"
  integrity sha512-Xf0nWe6RseziFMu+Ap9biiUbmplq6S9/p+7w7YXP/JBHhrUDDUhwa+vANyubuqfZWTveU//DYVGsDG7RKL/vEw==

safe-buffer@^5.0.1:
  version "5.2.1"
  resolved "https://registry.yarnpkg.com/safe-buffer/-/safe-buffer-5.2.1.tgz#1eaf9fa9bdb1fdd4ec75f58f9cdb4e6b7827eec6"
  integrity sha512-rp3So07KcdmmKbGvgaNxQSJr7bGVSVk5S9Eq1F+ppbRo70+YeaDxkw5Dd8NPN+GD6bjnYm2VuPuCXmpuYvmCXQ==

should-proxy@^1.0.4:
  version "1.0.4"
  resolved "https://registry.yarnpkg.com/should-proxy/-/should-proxy-1.0.4.tgz#c805a501abf69539600634809e62fbf238ba35e4"
  integrity sha1-yAWlAav2lTlgBjSAnmL78ji6NeQ=

timed-out@^4.0.0:
  version "4.0.1"
  resolved "https://registry.yarnpkg.com/timed-out/-/timed-out-4.0.1.tgz#f32eacac5a175bea25d7fab565ab3ed8741ef56f"
  integrity sha1-8y6srFoXW+ol1/q1Zas+2HQe9W8=

uint8arrays@1.1.0:
  version "1.1.0"
  resolved "https://registry.yarnpkg.com/uint8arrays/-/uint8arrays-1.1.0.tgz#d034aa65399a9fd213a1579e323f0b29f67d0ed2"
  integrity sha512-cLdlZ6jnFczsKf5IH1gPHTtcHtPGho5r4CvctohmQjw8K7Q3gFdfIGHxSTdTaCKrL4w09SsPRJTqRS0drYeszA==
  dependencies:
    multibase "^3.0.0"
    web-encoding "^1.0.2"

uint8arrays@^2.0.5:
  version "2.0.5"
  resolved "https://registry.yarnpkg.com/uint8arrays/-/uint8arrays-2.0.5.tgz#763d0c3dd8e1d05b656d2e60c8a9a53096a47d9e"
  integrity sha512-1HSktgwqtYIwVn1mg3GcnqKhHH9oC4kVgdD/43cxMWwhP8rihKcFPmToDzS1XtbvVvlR8XxTk/DUBf0C83qNIg==
  dependencies:
    multibase "^3.0.0"
    web-encoding "^1.0.5"

unzip-response@^2.0.1:
  version "2.0.1"
  resolved "https://registry.yarnpkg.com/unzip-response/-/unzip-response-2.0.1.tgz#d2f0f737d16b0615e72a6935ed04214572d56f97"
  integrity sha1-0vD3N9FrBhXnKmk17QQhRXLVb5c=

uri-js@^4.2.2:
  version "4.4.1"
  resolved "https://registry.yarnpkg.com/uri-js/-/uri-js-4.4.1.tgz#9b1a52595225859e55f669d928f88c6c57f2a77e"
  integrity sha512-7rKUyy33Q1yc98pQ1DAmLtwX109F7TIfWlW1Ydo8Wl1ii1SeHieeh0HHfPeL2fMXK6z0s8ecKs9frCuLJvndBg==
  dependencies:
    punycode "^2.1.0"

url-parse-lax@^1.0.0:
  version "1.0.0"
  resolved "https://registry.yarnpkg.com/url-parse-lax/-/url-parse-lax-1.0.0.tgz#7af8f303645e9bd79a272e7a14ac68bc0609da73"
  integrity sha1-evjzA2Rem9eaJy56FKxovAYJ2nM=
  dependencies:
    prepend-http "^1.0.1"

url-pattern@^1.0.3:
  version "1.0.3"
  resolved "https://registry.yarnpkg.com/url-pattern/-/url-pattern-1.0.3.tgz#0409292471b24f23c50d65a47931793d2b5acfc1"
  integrity sha1-BAkpJHGyTyPFDWWkeTF5PStaz8E=

varint@^5.0.0:
  version "5.0.2"
  resolved "https://registry.yarnpkg.com/varint/-/varint-5.0.2.tgz#5b47f8a947eb668b848e034dcfa87d0ff8a7f7a4"
  integrity sha512-lKxKYG6H03yCZUpAGOPOsMcGxd1RHCu1iKvEHYDPmTyq2HueGhD73ssNBqqQWfvYs04G9iUFRvmAVLW20Jw6ow==

varint@^6.0.0:
  version "6.0.0"
  resolved "https://registry.yarnpkg.com/varint/-/varint-6.0.0.tgz#9881eb0ce8feaea6512439d19ddf84bf551661d0"
  integrity sha512-cXEIW6cfr15lFv563k4GuVuW/fiwjknytD37jIOLSdSWuOI6WnO/oKwmP2FQTU2l01LP8/M5TSAJpzUaGe3uWg==

web-encoding@^1.0.2, web-encoding@^1.0.5, web-encoding@^1.0.6:
  version "1.0.6"
  resolved "https://registry.yarnpkg.com/web-encoding/-/web-encoding-1.0.6.tgz#ec631356ee523b4474ecbcae680440bd1e79416a"
  integrity sha512-26wEnRPEFAc5d5lmH1Q/DuvWEYsRF1D2alX2jlKpdmqv7cj+BbANL7Xlcl9r4s72Eg9kItZa9RWVbBMC9dMv4w==
